// !$*UTF8*$!
{
	archiveVersion = 1;
	classes = {
	};
	objectVersion = 50;
	objects = {

/* Begin PBXBuildFile section */
		600C06BE2252910E0095A5C0 /* CustomNavigationController.swift in Sources */ = {isa = PBXBuildFile; fileRef = 600C06BD2252910E0095A5C0 /* CustomNavigationController.swift */; };
		600C06C0225293D20095A5C0 /* TransactionsTableView.swift in Sources */ = {isa = PBXBuildFile; fileRef = 600C06BF225293D20095A5C0 /* TransactionsTableView.swift */; };
		600C06C2225293EB0095A5C0 /* TransactionTableViewDelegate.swift in Sources */ = {isa = PBXBuildFile; fileRef = 600C06C1225293EB0095A5C0 /* TransactionTableViewDelegate.swift */; };
		6046E60E2254D8A100363367 /* TransactionTableViewCell.swift in Sources */ = {isa = PBXBuildFile; fileRef = 6046E60D2254D8A100363367 /* TransactionTableViewCell.swift */; };
		6046E6102254D96100363367 /* TransactionTableViewDatasource.swift in Sources */ = {isa = PBXBuildFile; fileRef = 600C06C3225293F50095A5C0 /* TransactionTableViewDatasource.swift */; };
		6046E6132254DDD800363367 /* AddTransactionTableViewCell.swift in Sources */ = {isa = PBXBuildFile; fileRef = 6046E6122254DDD800363367 /* AddTransactionTableViewCell.swift */; };
		6046E6152254F11800363367 /* WalletRepository.swift in Sources */ = {isa = PBXBuildFile; fileRef = 6046E6142254F11800363367 /* WalletRepository.swift */; };
		6046E6172256B16F00363367 /* AddTransactionViewController.swift in Sources */ = {isa = PBXBuildFile; fileRef = 6046E6162256B16F00363367 /* AddTransactionViewController.swift */; };
		6047B22D2231DAEB00B22BF8 /* AppDelegate.swift in Sources */ = {isa = PBXBuildFile; fileRef = 6047B22C2231DAEB00B22BF8 /* AppDelegate.swift */; };
		6047B2342231DAEC00B22BF8 /* Assets.xcassets in Resources */ = {isa = PBXBuildFile; fileRef = 6047B2332231DAEC00B22BF8 /* Assets.xcassets */; };
		6047B2372231DAEC00B22BF8 /* LaunchScreen.storyboard in Resources */ = {isa = PBXBuildFile; fileRef = 6047B2352231DAEC00B22BF8 /* LaunchScreen.storyboard */; };
		6047B2422231DAEC00B22BF8 /* MonetaTests.swift in Sources */ = {isa = PBXBuildFile; fileRef = 6047B2412231DAEC00B22BF8 /* MonetaTests.swift */; };
		6047B2512234737300B22BF8 /* SnapKit.framework in Frameworks */ = {isa = PBXBuildFile; fileRef = 6047B24D2234737300B22BF8 /* SnapKit.framework */; };
		6047B2522234737300B22BF8 /* Reusable.framework in Frameworks */ = {isa = PBXBuildFile; fileRef = 6047B24E2234737300B22BF8 /* Reusable.framework */; };
		6047B2532234737300B22BF8 /* Realm.framework in Frameworks */ = {isa = PBXBuildFile; fileRef = 6047B24F2234737300B22BF8 /* Realm.framework */; };
		6047B2542234737300B22BF8 /* RealmSwift.framework in Frameworks */ = {isa = PBXBuildFile; fileRef = 6047B2502234737300B22BF8 /* RealmSwift.framework */; };
		6049A377224E7F88000DE332 /* SF-Pro-Display-RegularItalic.otf in Resources */ = {isa = PBXBuildFile; fileRef = 6049A365224E7F88000DE332 /* SF-Pro-Display-RegularItalic.otf */; };
		6049A378224E7F88000DE332 /* SF-Pro-Display-LightItalic.otf in Resources */ = {isa = PBXBuildFile; fileRef = 6049A366224E7F88000DE332 /* SF-Pro-Display-LightItalic.otf */; };
		6049A379224E7F88000DE332 /* SF-Pro-Display-Light.otf in Resources */ = {isa = PBXBuildFile; fileRef = 6049A367224E7F88000DE332 /* SF-Pro-Display-Light.otf */; };
		6049A37A224E7F88000DE332 /* SF-Pro-Display-HeavyItalic.otf in Resources */ = {isa = PBXBuildFile; fileRef = 6049A368224E7F88000DE332 /* SF-Pro-Display-HeavyItalic.otf */; };
		6049A37B224E7F88000DE332 /* SF-Pro-Display-BoldItalic.otf in Resources */ = {isa = PBXBuildFile; fileRef = 6049A369224E7F88000DE332 /* SF-Pro-Display-BoldItalic.otf */; };
		6049A37C224E7F88000DE332 /* SF-Pro-Display-Heavy.otf in Resources */ = {isa = PBXBuildFile; fileRef = 6049A36A224E7F88000DE332 /* SF-Pro-Display-Heavy.otf */; };
		6049A37D224E7F88000DE332 /* SF-Pro-Display-Black.otf in Resources */ = {isa = PBXBuildFile; fileRef = 6049A36B224E7F88000DE332 /* SF-Pro-Display-Black.otf */; };
		6049A37E224E7F88000DE332 /* SF-Pro-Display-BlackItalic.otf in Resources */ = {isa = PBXBuildFile; fileRef = 6049A36C224E7F88000DE332 /* SF-Pro-Display-BlackItalic.otf */; };
		6049A37F224E7F88000DE332 /* SF-Pro-Display-ThinItalic.otf in Resources */ = {isa = PBXBuildFile; fileRef = 6049A36D224E7F88000DE332 /* SF-Pro-Display-ThinItalic.otf */; };
		6049A380224E7F88000DE332 /* SF-Pro-Display-MediumItalic.otf in Resources */ = {isa = PBXBuildFile; fileRef = 6049A36E224E7F88000DE332 /* SF-Pro-Display-MediumItalic.otf */; };
		6049A381224E7F88000DE332 /* SF-Pro-Display-Medium.otf in Resources */ = {isa = PBXBuildFile; fileRef = 6049A36F224E7F88000DE332 /* SF-Pro-Display-Medium.otf */; };
		6049A382224E7F88000DE332 /* SF-Pro-Display-Bold.otf in Resources */ = {isa = PBXBuildFile; fileRef = 6049A370224E7F88000DE332 /* SF-Pro-Display-Bold.otf */; };
		6049A383224E7F88000DE332 /* SF-Pro-Display-UltralightItalic.otf in Resources */ = {isa = PBXBuildFile; fileRef = 6049A371224E7F88000DE332 /* SF-Pro-Display-UltralightItalic.otf */; };
		6049A384224E7F88000DE332 /* SF-Pro-Display-SemiboldItalic.otf in Resources */ = {isa = PBXBuildFile; fileRef = 6049A372224E7F88000DE332 /* SF-Pro-Display-SemiboldItalic.otf */; };
		6049A385224E7F88000DE332 /* SF-Pro-Display-Thin.otf in Resources */ = {isa = PBXBuildFile; fileRef = 6049A373224E7F88000DE332 /* SF-Pro-Display-Thin.otf */; };
		6049A386224E7F88000DE332 /* SF-Pro-Display-Regular.otf in Resources */ = {isa = PBXBuildFile; fileRef = 6049A374224E7F88000DE332 /* SF-Pro-Display-Regular.otf */; };
		6049A387224E7F88000DE332 /* SF-Pro-Display-Semibold.otf in Resources */ = {isa = PBXBuildFile; fileRef = 6049A375224E7F88000DE332 /* SF-Pro-Display-Semibold.otf */; };
		6049A388224E7F88000DE332 /* SF-Pro-Display-Ultralight.otf in Resources */ = {isa = PBXBuildFile; fileRef = 6049A376224E7F88000DE332 /* SF-Pro-Display-Ultralight.otf */; };
		6074CA342241579C00577FC9 /* Results+asArray.swift in Sources */ = {isa = PBXBuildFile; fileRef = 6074CA332241579C00577FC9 /* Results+asArray.swift */; };
		6074CA36224157D200577FC9 /* RealmRepository.swift in Sources */ = {isa = PBXBuildFile; fileRef = 6074CA35224157D200577FC9 /* RealmRepository.swift */; };
		60899DC9224A590D0079A4F1 /* TransactionRepository.swift in Sources */ = {isa = PBXBuildFile; fileRef = 60899DC8224A590D0079A4F1 /* TransactionRepository.swift */; };
		60899DCB224A5C5C0079A4F1 /* EntityRepository.swift in Sources */ = {isa = PBXBuildFile; fileRef = 60899DCA224A5C5C0079A4F1 /* EntityRepository.swift */; };
		60899DCE224A5D5E0079A4F1 /* SummaryViewController.swift in Sources */ = {isa = PBXBuildFile; fileRef = 60899DCD224A5D5E0079A4F1 /* SummaryViewController.swift */; };
		60899DD0224A5DA90079A4F1 /* ViewCode.swift in Sources */ = {isa = PBXBuildFile; fileRef = 60899DCF224A5DA90079A4F1 /* ViewCode.swift */; };
		60899DD2224A60FC0079A4F1 /* Wallet.swift in Sources */ = {isa = PBXBuildFile; fileRef = 60899DD1224A60FC0079A4F1 /* Wallet.swift */; };
		60899DD6224A75880079A4F1 /* WalletRealm.swift in Sources */ = {isa = PBXBuildFile; fileRef = 60899DD5224A75880079A4F1 /* WalletRealm.swift */; };
		60A5EDF6223B36AA006FC00F /* Transaction.swift in Sources */ = {isa = PBXBuildFile; fileRef = 60A5EDF5223B36AA006FC00F /* Transaction.swift */; };
		60A5EDF8223B3763006FC00F /* TransactionRealm.swift in Sources */ = {isa = PBXBuildFile; fileRef = 60A5EDF7223B3763006FC00F /* TransactionRealm.swift */; };
		60AC15772240180500A32912 /* Object+Build.swift in Sources */ = {isa = PBXBuildFile; fileRef = 60AC15762240180500A32912 /* Object+Build.swift */; };
		60AC157A22401E0800A32912 /* LocalRepository.swift in Sources */ = {isa = PBXBuildFile; fileRef = 60AC157922401E0800A32912 /* LocalRepository.swift */; };
		60AC157E22411F9300A32912 /* ConvertableToDatabase.swift in Sources */ = {isa = PBXBuildFile; fileRef = 60AC157D22411F9300A32912 /* ConvertableToDatabase.swift */; };
		60B99874224D962200D39CDC /* Date+Utilities.swift in Sources */ = {isa = PBXBuildFile; fileRef = 60899DD3224A755D0079A4F1 /* Date+Utilities.swift */; };
		60B99879224D975000D39CDC /* MainCard.swift in Sources */ = {isa = PBXBuildFile; fileRef = 60B99878224D975000D39CDC /* MainCard.swift */; };
		60B9987C224E4B7300D39CDC /* TextStyle.swift in Sources */ = {isa = PBXBuildFile; fileRef = 60B9987B224E4B7300D39CDC /* TextStyle.swift */; };
		60B9988A224E674F00D39CDC /* Color.swift in Sources */ = {isa = PBXBuildFile; fileRef = 60B99889224E674F00D39CDC /* Color.swift */; };
		60B998DB224E7C5500D39CDC /* SF-Compact-Rounded-Black.otf in Resources */ = {isa = PBXBuildFile; fileRef = 60B998D0224E7C4300D39CDC /* SF-Compact-Rounded-Black.otf */; };
		60B998DC224E7C5500D39CDC /* SF-Compact-Rounded-Bold.otf in Resources */ = {isa = PBXBuildFile; fileRef = 60B998CC224E7C4300D39CDC /* SF-Compact-Rounded-Bold.otf */; };
		60B998DD224E7C5500D39CDC /* SF-Compact-Rounded-Heavy.otf in Resources */ = {isa = PBXBuildFile; fileRef = 60B998CE224E7C4300D39CDC /* SF-Compact-Rounded-Heavy.otf */; };
		60B998DE224E7C5500D39CDC /* SF-Compact-Rounded-Light.otf in Resources */ = {isa = PBXBuildFile; fileRef = 60B998D1224E7C4300D39CDC /* SF-Compact-Rounded-Light.otf */; };
		60B998DF224E7C5500D39CDC /* SF-Compact-Rounded-Medium.otf in Resources */ = {isa = PBXBuildFile; fileRef = 60B998CF224E7C4300D39CDC /* SF-Compact-Rounded-Medium.otf */; };
		60B998E0224E7C5500D39CDC /* SF-Compact-Rounded-Regular.otf in Resources */ = {isa = PBXBuildFile; fileRef = 60B998C9224E7C4200D39CDC /* SF-Compact-Rounded-Regular.otf */; };
		60B998E1224E7C5500D39CDC /* SF-Compact-Rounded-Semibold.otf in Resources */ = {isa = PBXBuildFile; fileRef = 60B998CA224E7C4300D39CDC /* SF-Compact-Rounded-Semibold.otf */; };
		60B998E2224E7C5500D39CDC /* SF-Compact-Rounded-Thin.otf in Resources */ = {isa = PBXBuildFile; fileRef = 60B998CD224E7C4300D39CDC /* SF-Compact-Rounded-Thin.otf */; };
		60B998E3224E7C5500D39CDC /* SF-Compact-Rounded-Ultralight.otf in Resources */ = {isa = PBXBuildFile; fileRef = 60B998CB224E7C4300D39CDC /* SF-Compact-Rounded-Ultralight.otf */; };
		60C59DE6225F7814002738FE /* Double+Strings.swift in Sources */ = {isa = PBXBuildFile; fileRef = 60C59DE5225F7814002738FE /* Double+Strings.swift */; };
		60C59DE8225FC589002738FE /* String+Utilities.swift in Sources */ = {isa = PBXBuildFile; fileRef = 60C59DE7225FC589002738FE /* String+Utilities.swift */; };
/* End PBXBuildFile section */

/* Begin PBXContainerItemProxy section */
		6047B23E2231DAEC00B22BF8 /* PBXContainerItemProxy */ = {
			isa = PBXContainerItemProxy;
			containerPortal = 6047B2212231DAEB00B22BF8 /* Project object */;
			proxyType = 1;
			remoteGlobalIDString = 6047B2282231DAEB00B22BF8;
			remoteInfo = Moneta;
		};
/* End PBXContainerItemProxy section */

/* Begin PBXFileReference section */
		600C06BD2252910E0095A5C0 /* CustomNavigationController.swift */ = {isa = PBXFileReference; lastKnownFileType = sourcecode.swift; path = CustomNavigationController.swift; sourceTree = "<group>"; };
		600C06BF225293D20095A5C0 /* TransactionsTableView.swift */ = {isa = PBXFileReference; lastKnownFileType = sourcecode.swift; path = TransactionsTableView.swift; sourceTree = "<group>"; };
		600C06C1225293EB0095A5C0 /* TransactionTableViewDelegate.swift */ = {isa = PBXFileReference; lastKnownFileType = sourcecode.swift; path = TransactionTableViewDelegate.swift; sourceTree = "<group>"; };
		600C06C3225293F50095A5C0 /* TransactionTableViewDatasource.swift */ = {isa = PBXFileReference; lastKnownFileType = sourcecode.swift; path = TransactionTableViewDatasource.swift; sourceTree = "<group>"; };
		6046E60D2254D8A100363367 /* TransactionTableViewCell.swift */ = {isa = PBXFileReference; lastKnownFileType = sourcecode.swift; path = TransactionTableViewCell.swift; sourceTree = "<group>"; };
		6046E6122254DDD800363367 /* AddTransactionTableViewCell.swift */ = {isa = PBXFileReference; lastKnownFileType = sourcecode.swift; path = AddTransactionTableViewCell.swift; sourceTree = "<group>"; };
		6046E6142254F11800363367 /* WalletRepository.swift */ = {isa = PBXFileReference; lastKnownFileType = sourcecode.swift; path = WalletRepository.swift; sourceTree = "<group>"; };
		6046E6162256B16F00363367 /* AddTransactionViewController.swift */ = {isa = PBXFileReference; lastKnownFileType = sourcecode.swift; path = AddTransactionViewController.swift; sourceTree = "<group>"; };
		6047B2292231DAEB00B22BF8 /* Moneta.app */ = {isa = PBXFileReference; explicitFileType = wrapper.application; includeInIndex = 0; path = Moneta.app; sourceTree = BUILT_PRODUCTS_DIR; };
		6047B22C2231DAEB00B22BF8 /* AppDelegate.swift */ = {isa = PBXFileReference; lastKnownFileType = sourcecode.swift; path = AppDelegate.swift; sourceTree = "<group>"; };
		6047B2332231DAEC00B22BF8 /* Assets.xcassets */ = {isa = PBXFileReference; lastKnownFileType = folder.assetcatalog; path = Assets.xcassets; sourceTree = "<group>"; };
		6047B2362231DAEC00B22BF8 /* Base */ = {isa = PBXFileReference; lastKnownFileType = file.storyboard; name = Base; path = Base.lproj/LaunchScreen.storyboard; sourceTree = "<group>"; };
		6047B2382231DAEC00B22BF8 /* Info.plist */ = {isa = PBXFileReference; lastKnownFileType = text.plist.xml; path = Info.plist; sourceTree = "<group>"; };
		6047B23D2231DAEC00B22BF8 /* MonetaTests.xctest */ = {isa = PBXFileReference; explicitFileType = wrapper.cfbundle; includeInIndex = 0; path = MonetaTests.xctest; sourceTree = BUILT_PRODUCTS_DIR; };
		6047B2412231DAEC00B22BF8 /* MonetaTests.swift */ = {isa = PBXFileReference; lastKnownFileType = sourcecode.swift; path = MonetaTests.swift; sourceTree = "<group>"; };
		6047B2432231DAEC00B22BF8 /* Info.plist */ = {isa = PBXFileReference; lastKnownFileType = text.plist.xml; path = Info.plist; sourceTree = "<group>"; };
		6047B24D2234737300B22BF8 /* SnapKit.framework */ = {isa = PBXFileReference; lastKnownFileType = wrapper.framework; name = SnapKit.framework; path = Carthage/Build/iOS/SnapKit.framework; sourceTree = "<group>"; };
		6047B24E2234737300B22BF8 /* Reusable.framework */ = {isa = PBXFileReference; lastKnownFileType = wrapper.framework; name = Reusable.framework; path = Carthage/Build/iOS/Reusable.framework; sourceTree = "<group>"; };
		6047B24F2234737300B22BF8 /* Realm.framework */ = {isa = PBXFileReference; lastKnownFileType = wrapper.framework; name = Realm.framework; path = Carthage/Build/iOS/Realm.framework; sourceTree = "<group>"; };
		6047B2502234737300B22BF8 /* RealmSwift.framework */ = {isa = PBXFileReference; lastKnownFileType = wrapper.framework; name = RealmSwift.framework; path = Carthage/Build/iOS/RealmSwift.framework; sourceTree = "<group>"; };
		6049A365224E7F88000DE332 /* SF-Pro-Display-RegularItalic.otf */ = {isa = PBXFileReference; lastKnownFileType = file; path = "SF-Pro-Display-RegularItalic.otf"; sourceTree = "<group>"; };
		6049A366224E7F88000DE332 /* SF-Pro-Display-LightItalic.otf */ = {isa = PBXFileReference; lastKnownFileType = file; path = "SF-Pro-Display-LightItalic.otf"; sourceTree = "<group>"; };
		6049A367224E7F88000DE332 /* SF-Pro-Display-Light.otf */ = {isa = PBXFileReference; lastKnownFileType = file; path = "SF-Pro-Display-Light.otf"; sourceTree = "<group>"; };
		6049A368224E7F88000DE332 /* SF-Pro-Display-HeavyItalic.otf */ = {isa = PBXFileReference; lastKnownFileType = file; path = "SF-Pro-Display-HeavyItalic.otf"; sourceTree = "<group>"; };
		6049A369224E7F88000DE332 /* SF-Pro-Display-BoldItalic.otf */ = {isa = PBXFileReference; lastKnownFileType = file; path = "SF-Pro-Display-BoldItalic.otf"; sourceTree = "<group>"; };
		6049A36A224E7F88000DE332 /* SF-Pro-Display-Heavy.otf */ = {isa = PBXFileReference; lastKnownFileType = file; path = "SF-Pro-Display-Heavy.otf"; sourceTree = "<group>"; };
		6049A36B224E7F88000DE332 /* SF-Pro-Display-Black.otf */ = {isa = PBXFileReference; lastKnownFileType = file; path = "SF-Pro-Display-Black.otf"; sourceTree = "<group>"; };
		6049A36C224E7F88000DE332 /* SF-Pro-Display-BlackItalic.otf */ = {isa = PBXFileReference; lastKnownFileType = file; path = "SF-Pro-Display-BlackItalic.otf"; sourceTree = "<group>"; };
		6049A36D224E7F88000DE332 /* SF-Pro-Display-ThinItalic.otf */ = {isa = PBXFileReference; lastKnownFileType = file; path = "SF-Pro-Display-ThinItalic.otf"; sourceTree = "<group>"; };
		6049A36E224E7F88000DE332 /* SF-Pro-Display-MediumItalic.otf */ = {isa = PBXFileReference; lastKnownFileType = file; path = "SF-Pro-Display-MediumItalic.otf"; sourceTree = "<group>"; };
		6049A36F224E7F88000DE332 /* SF-Pro-Display-Medium.otf */ = {isa = PBXFileReference; lastKnownFileType = file; path = "SF-Pro-Display-Medium.otf"; sourceTree = "<group>"; };
		6049A370224E7F88000DE332 /* SF-Pro-Display-Bold.otf */ = {isa = PBXFileReference; lastKnownFileType = file; path = "SF-Pro-Display-Bold.otf"; sourceTree = "<group>"; };
		6049A371224E7F88000DE332 /* SF-Pro-Display-UltralightItalic.otf */ = {isa = PBXFileReference; lastKnownFileType = file; path = "SF-Pro-Display-UltralightItalic.otf"; sourceTree = "<group>"; };
		6049A372224E7F88000DE332 /* SF-Pro-Display-SemiboldItalic.otf */ = {isa = PBXFileReference; lastKnownFileType = file; path = "SF-Pro-Display-SemiboldItalic.otf"; sourceTree = "<group>"; };
		6049A373224E7F88000DE332 /* SF-Pro-Display-Thin.otf */ = {isa = PBXFileReference; lastKnownFileType = file; path = "SF-Pro-Display-Thin.otf"; sourceTree = "<group>"; };
		6049A374224E7F88000DE332 /* SF-Pro-Display-Regular.otf */ = {isa = PBXFileReference; lastKnownFileType = file; path = "SF-Pro-Display-Regular.otf"; sourceTree = "<group>"; };
		6049A375224E7F88000DE332 /* SF-Pro-Display-Semibold.otf */ = {isa = PBXFileReference; lastKnownFileType = file; path = "SF-Pro-Display-Semibold.otf"; sourceTree = "<group>"; };
		6049A376224E7F88000DE332 /* SF-Pro-Display-Ultralight.otf */ = {isa = PBXFileReference; lastKnownFileType = file; path = "SF-Pro-Display-Ultralight.otf"; sourceTree = "<group>"; };
		6074CA332241579C00577FC9 /* Results+asArray.swift */ = {isa = PBXFileReference; lastKnownFileType = sourcecode.swift; path = "Results+asArray.swift"; sourceTree = "<group>"; };
		6074CA35224157D200577FC9 /* RealmRepository.swift */ = {isa = PBXFileReference; lastKnownFileType = sourcecode.swift; path = RealmRepository.swift; sourceTree = "<group>"; };
		60899DC8224A590D0079A4F1 /* TransactionRepository.swift */ = {isa = PBXFileReference; lastKnownFileType = sourcecode.swift; path = TransactionRepository.swift; sourceTree = "<group>"; };
		60899DCA224A5C5C0079A4F1 /* EntityRepository.swift */ = {isa = PBXFileReference; lastKnownFileType = sourcecode.swift; path = EntityRepository.swift; sourceTree = "<group>"; };
		60899DCD224A5D5E0079A4F1 /* SummaryViewController.swift */ = {isa = PBXFileReference; lastKnownFileType = sourcecode.swift; path = SummaryViewController.swift; sourceTree = "<group>"; };
		60899DCF224A5DA90079A4F1 /* ViewCode.swift */ = {isa = PBXFileReference; lastKnownFileType = sourcecode.swift; path = ViewCode.swift; sourceTree = "<group>"; };
		60899DD1224A60FC0079A4F1 /* Wallet.swift */ = {isa = PBXFileReference; lastKnownFileType = sourcecode.swift; path = Wallet.swift; sourceTree = "<group>"; };
		60899DD3224A755D0079A4F1 /* Date+Utilities.swift */ = {isa = PBXFileReference; lastKnownFileType = sourcecode.swift; path = "Date+Utilities.swift"; sourceTree = "<group>"; };
		60899DD5224A75880079A4F1 /* WalletRealm.swift */ = {isa = PBXFileReference; lastKnownFileType = sourcecode.swift; path = WalletRealm.swift; sourceTree = "<group>"; };
		60A5EDF5223B36AA006FC00F /* Transaction.swift */ = {isa = PBXFileReference; lastKnownFileType = sourcecode.swift; path = Transaction.swift; sourceTree = "<group>"; };
		60A5EDF7223B3763006FC00F /* TransactionRealm.swift */ = {isa = PBXFileReference; lastKnownFileType = sourcecode.swift; path = TransactionRealm.swift; sourceTree = "<group>"; };
		60AC15762240180500A32912 /* Object+Build.swift */ = {isa = PBXFileReference; lastKnownFileType = sourcecode.swift; path = "Object+Build.swift"; sourceTree = "<group>"; };
		60AC157922401E0800A32912 /* LocalRepository.swift */ = {isa = PBXFileReference; lastKnownFileType = sourcecode.swift; path = LocalRepository.swift; sourceTree = "<group>"; };
		60AC157D22411F9300A32912 /* ConvertableToDatabase.swift */ = {isa = PBXFileReference; lastKnownFileType = sourcecode.swift; path = ConvertableToDatabase.swift; sourceTree = "<group>"; };
		60B99878224D975000D39CDC /* MainCard.swift */ = {isa = PBXFileReference; lastKnownFileType = sourcecode.swift; path = MainCard.swift; sourceTree = "<group>"; };
		60B9987B224E4B7300D39CDC /* TextStyle.swift */ = {isa = PBXFileReference; lastKnownFileType = sourcecode.swift; path = TextStyle.swift; sourceTree = "<group>"; };
		60B99889224E674F00D39CDC /* Color.swift */ = {isa = PBXFileReference; lastKnownFileType = sourcecode.swift; path = Color.swift; sourceTree = "<group>"; };
		60B998C9224E7C4200D39CDC /* SF-Compact-Rounded-Regular.otf */ = {isa = PBXFileReference; lastKnownFileType = file; name = "SF-Compact-Rounded-Regular.otf"; path = "Moneta/Resources/Fonts/SF Compact Rounded/SF-Compact-Rounded-Regular.otf"; sourceTree = SOURCE_ROOT; };
		60B998CA224E7C4300D39CDC /* SF-Compact-Rounded-Semibold.otf */ = {isa = PBXFileReference; lastKnownFileType = file; name = "SF-Compact-Rounded-Semibold.otf"; path = "Moneta/Resources/Fonts/SF Compact Rounded/SF-Compact-Rounded-Semibold.otf"; sourceTree = SOURCE_ROOT; };
		60B998CB224E7C4300D39CDC /* SF-Compact-Rounded-Ultralight.otf */ = {isa = PBXFileReference; lastKnownFileType = file; name = "SF-Compact-Rounded-Ultralight.otf"; path = "Moneta/Resources/Fonts/SF Compact Rounded/SF-Compact-Rounded-Ultralight.otf"; sourceTree = SOURCE_ROOT; };
		60B998CC224E7C4300D39CDC /* SF-Compact-Rounded-Bold.otf */ = {isa = PBXFileReference; lastKnownFileType = file; name = "SF-Compact-Rounded-Bold.otf"; path = "Moneta/Resources/Fonts/SF Compact Rounded/SF-Compact-Rounded-Bold.otf"; sourceTree = SOURCE_ROOT; };
		60B998CD224E7C4300D39CDC /* SF-Compact-Rounded-Thin.otf */ = {isa = PBXFileReference; lastKnownFileType = file; name = "SF-Compact-Rounded-Thin.otf"; path = "Moneta/Resources/Fonts/SF Compact Rounded/SF-Compact-Rounded-Thin.otf"; sourceTree = SOURCE_ROOT; };
		60B998CE224E7C4300D39CDC /* SF-Compact-Rounded-Heavy.otf */ = {isa = PBXFileReference; lastKnownFileType = file; name = "SF-Compact-Rounded-Heavy.otf"; path = "Moneta/Resources/Fonts/SF Compact Rounded/SF-Compact-Rounded-Heavy.otf"; sourceTree = SOURCE_ROOT; };
		60B998CF224E7C4300D39CDC /* SF-Compact-Rounded-Medium.otf */ = {isa = PBXFileReference; lastKnownFileType = file; name = "SF-Compact-Rounded-Medium.otf"; path = "Moneta/Resources/Fonts/SF Compact Rounded/SF-Compact-Rounded-Medium.otf"; sourceTree = SOURCE_ROOT; };
		60B998D0224E7C4300D39CDC /* SF-Compact-Rounded-Black.otf */ = {isa = PBXFileReference; lastKnownFileType = file; name = "SF-Compact-Rounded-Black.otf"; path = "Moneta/Resources/Fonts/SF Compact Rounded/SF-Compact-Rounded-Black.otf"; sourceTree = SOURCE_ROOT; };
		60B998D1224E7C4300D39CDC /* SF-Compact-Rounded-Light.otf */ = {isa = PBXFileReference; lastKnownFileType = file; name = "SF-Compact-Rounded-Light.otf"; path = "Moneta/Resources/Fonts/SF Compact Rounded/SF-Compact-Rounded-Light.otf"; sourceTree = SOURCE_ROOT; };
		60C59DE5225F7814002738FE /* Double+Strings.swift */ = {isa = PBXFileReference; lastKnownFileType = sourcecode.swift; path = "Double+Strings.swift"; sourceTree = "<group>"; };
		60C59DE7225FC589002738FE /* String+Utilities.swift */ = {isa = PBXFileReference; lastKnownFileType = sourcecode.swift; path = "String+Utilities.swift"; sourceTree = "<group>"; };
/* End PBXFileReference section */

/* Begin PBXFrameworksBuildPhase section */
		6047B2262231DAEB00B22BF8 /* Frameworks */ = {
			isa = PBXFrameworksBuildPhase;
			buildActionMask = 2147483647;
			files = (
				6047B2512234737300B22BF8 /* SnapKit.framework in Frameworks */,
				6047B2522234737300B22BF8 /* Reusable.framework in Frameworks */,
				6047B2532234737300B22BF8 /* Realm.framework in Frameworks */,
				6047B2542234737300B22BF8 /* RealmSwift.framework in Frameworks */,
			);
			runOnlyForDeploymentPostprocessing = 0;
		};
		6047B23A2231DAEC00B22BF8 /* Frameworks */ = {
			isa = PBXFrameworksBuildPhase;
			buildActionMask = 2147483647;
			files = (
			);
			runOnlyForDeploymentPostprocessing = 0;
		};
/* End PBXFrameworksBuildPhase section */

/* Begin PBXGroup section */
		6046E60F2254D91700363367 /* TransactionTableView */ = {
			isa = PBXGroup;
			children = (
				6046E6112254DD8F00363367 /* Cell */,
				600C06BF225293D20095A5C0 /* TransactionsTableView.swift */,
				600C06C1225293EB0095A5C0 /* TransactionTableViewDelegate.swift */,
				600C06C3225293F50095A5C0 /* TransactionTableViewDatasource.swift */,
			);
			path = TransactionTableView;
			sourceTree = "<group>";
		};
		6046E6112254DD8F00363367 /* Cell */ = {
			isa = PBXGroup;
			children = (
				6046E6122254DDD800363367 /* AddTransactionTableViewCell.swift */,
				6046E60D2254D8A100363367 /* TransactionTableViewCell.swift */,
			);
			path = Cell;
			sourceTree = "<group>";
		};
		6047B2202231DAEB00B22BF8 = {
			isa = PBXGroup;
			children = (
				6047B22B2231DAEB00B22BF8 /* Moneta */,
				6047B2402231DAEC00B22BF8 /* MonetaTests */,
				6047B22A2231DAEB00B22BF8 /* Products */,
				6047B24C2234737200B22BF8 /* Frameworks */,
			);
			sourceTree = "<group>";
		};
		6047B22A2231DAEB00B22BF8 /* Products */ = {
			isa = PBXGroup;
			children = (
				6047B2292231DAEB00B22BF8 /* Moneta.app */,
				6047B23D2231DAEC00B22BF8 /* MonetaTests.xctest */,
			);
			name = Products;
			sourceTree = "<group>";
		};
		6047B22B2231DAEB00B22BF8 /* Moneta */ = {
			isa = PBXGroup;
			children = (
				6047B22C2231DAEB00B22BF8 /* AppDelegate.swift */,
				6047B2352231DAEC00B22BF8 /* LaunchScreen.storyboard */,
				60AC157822401D6E00A32912 /* Data */,
				60A5EDF2223B3684006FC00F /* Model */,
				60B99873224D94E500D39CDC /* Summary */,
				60B9987A224E4B5F00D39CDC /* Design */,
				60B99875224D964D00D39CDC /* Utilities */,
				60B9987D224E65B400D39CDC /* Resources */,
				6047B2382231DAEC00B22BF8 /* Info.plist */,
			);
			path = Moneta;
			sourceTree = "<group>";
		};
		6047B2402231DAEC00B22BF8 /* MonetaTests */ = {
			isa = PBXGroup;
			children = (
				6047B2412231DAEC00B22BF8 /* MonetaTests.swift */,
				6047B2432231DAEC00B22BF8 /* Info.plist */,
			);
			path = MonetaTests;
			sourceTree = "<group>";
		};
		6047B24C2234737200B22BF8 /* Frameworks */ = {
			isa = PBXGroup;
			children = (
				6047B24F2234737300B22BF8 /* Realm.framework */,
				6047B2502234737300B22BF8 /* RealmSwift.framework */,
				6047B24E2234737300B22BF8 /* Reusable.framework */,
				6047B24D2234737300B22BF8 /* SnapKit.framework */,
			);
			name = Frameworks;
			sourceTree = "<group>";
		};
		6049A352224E7F37000DE332 /* SF Pro Display */ = {
			isa = PBXGroup;
			children = (
				6049A36B224E7F88000DE332 /* SF-Pro-Display-Black.otf */,
				6049A36C224E7F88000DE332 /* SF-Pro-Display-BlackItalic.otf */,
				6049A370224E7F88000DE332 /* SF-Pro-Display-Bold.otf */,
				6049A369224E7F88000DE332 /* SF-Pro-Display-BoldItalic.otf */,
				6049A36A224E7F88000DE332 /* SF-Pro-Display-Heavy.otf */,
				6049A368224E7F88000DE332 /* SF-Pro-Display-HeavyItalic.otf */,
				6049A367224E7F88000DE332 /* SF-Pro-Display-Light.otf */,
				6049A366224E7F88000DE332 /* SF-Pro-Display-LightItalic.otf */,
				6049A36F224E7F88000DE332 /* SF-Pro-Display-Medium.otf */,
				6049A36E224E7F88000DE332 /* SF-Pro-Display-MediumItalic.otf */,
				6049A374224E7F88000DE332 /* SF-Pro-Display-Regular.otf */,
				6049A365224E7F88000DE332 /* SF-Pro-Display-RegularItalic.otf */,
				6049A375224E7F88000DE332 /* SF-Pro-Display-Semibold.otf */,
				6049A372224E7F88000DE332 /* SF-Pro-Display-SemiboldItalic.otf */,
				6049A373224E7F88000DE332 /* SF-Pro-Display-Thin.otf */,
				6049A36D224E7F88000DE332 /* SF-Pro-Display-ThinItalic.otf */,
				6049A376224E7F88000DE332 /* SF-Pro-Display-Ultralight.otf */,
				6049A371224E7F88000DE332 /* SF-Pro-Display-UltralightItalic.otf */,
			);
			path = "SF Pro Display";
			sourceTree = "<group>";
		};
		6074CA3A2241624D00577FC9 /* Controller */ = {
			isa = PBXGroup;
			children = (
				600C06BD2252910E0095A5C0 /* CustomNavigationController.swift */,
				60899DCD224A5D5E0079A4F1 /* SummaryViewController.swift */,
				6046E6162256B16F00363367 /* AddTransactionViewController.swift */,
			);
			path = Controller;
			sourceTree = "<group>";
		};
		60A5EDF2223B3684006FC00F /* Model */ = {
			isa = PBXGroup;
			children = (
				60AC157D22411F9300A32912 /* ConvertableToDatabase.swift */,
				60A5EDF3223B368A006FC00F /* Main */,
				60A5EDF4223B3695006FC00F /* Realm */,
			);
			path = Model;
			sourceTree = "<group>";
		};
		60A5EDF3223B368A006FC00F /* Main */ = {
			isa = PBXGroup;
			children = (
				60A5EDF5223B36AA006FC00F /* Transaction.swift */,
				60899DD1224A60FC0079A4F1 /* Wallet.swift */,
			);
			path = Main;
			sourceTree = "<group>";
		};
		60A5EDF4223B3695006FC00F /* Realm */ = {
			isa = PBXGroup;
			children = (
				60A5EDF7223B3763006FC00F /* TransactionRealm.swift */,
				60899DD5224A75880079A4F1 /* WalletRealm.swift */,
			);
			path = Realm;
			sourceTree = "<group>";
		};
		60AC1575224017F200A32912 /* Extension */ = {
			isa = PBXGroup;
			children = (
				60AC15762240180500A32912 /* Object+Build.swift */,
				6074CA332241579C00577FC9 /* Results+asArray.swift */,
				60899DD3224A755D0079A4F1 /* Date+Utilities.swift */,
				60C59DE7225FC589002738FE /* String+Utilities.swift */,
				60C59DE5225F7814002738FE /* Double+Strings.swift */,
			);
			path = Extension;
			sourceTree = "<group>";
		};
		60AC157822401D6E00A32912 /* Data */ = {
			isa = PBXGroup;
			children = (
				60AC157B22401EB900A32912 /* Protocol */,
				60AC157C22401EC500A32912 /* Implementation */,
			);
			path = Data;
			sourceTree = "<group>";
		};
		60AC157B22401EB900A32912 /* Protocol */ = {
			isa = PBXGroup;
			children = (
				60AC157922401E0800A32912 /* LocalRepository.swift */,
				60899DCA224A5C5C0079A4F1 /* EntityRepository.swift */,
			);
			path = Protocol;
			sourceTree = "<group>";
		};
		60AC157C22401EC500A32912 /* Implementation */ = {
			isa = PBXGroup;
			children = (
				6074CA35224157D200577FC9 /* RealmRepository.swift */,
				60899DC8224A590D0079A4F1 /* TransactionRepository.swift */,
				6046E6142254F11800363367 /* WalletRepository.swift */,
			);
			path = Implementation;
			sourceTree = "<group>";
		};
		60B99873224D94E500D39CDC /* Summary */ = {
			isa = PBXGroup;
			children = (
				60B99877224D970800D39CDC /* View */,
				6074CA3A2241624D00577FC9 /* Controller */,
			);
			path = Summary;
			sourceTree = "<group>";
		};
		60B99875224D964D00D39CDC /* Utilities */ = {
			isa = PBXGroup;
			children = (
				60AC1575224017F200A32912 /* Extension */,
				60B99876224D965D00D39CDC /* Protocol */,
			);
			path = Utilities;
			sourceTree = "<group>";
		};
		60B99876224D965D00D39CDC /* Protocol */ = {
			isa = PBXGroup;
			children = (
				60899DCF224A5DA90079A4F1 /* ViewCode.swift */,
			);
			path = Protocol;
			sourceTree = "<group>";
		};
		60B99877224D970800D39CDC /* View */ = {
			isa = PBXGroup;
			children = (
				60B99878224D975000D39CDC /* MainCard.swift */,
				6046E60F2254D91700363367 /* TransactionTableView */,
			);
			path = View;
			sourceTree = "<group>";
		};
		60B9987A224E4B5F00D39CDC /* Design */ = {
			isa = PBXGroup;
			children = (
				60B99889224E674F00D39CDC /* Color.swift */,
				60B9987B224E4B7300D39CDC /* TextStyle.swift */,
			);
			path = Design;
			sourceTree = "<group>";
		};
		60B9987D224E65B400D39CDC /* Resources */ = {
			isa = PBXGroup;
			children = (
				60B9987E224E65C400D39CDC /* Fonts */,
				6047B2332231DAEC00B22BF8 /* Assets.xcassets */,
			);
			path = Resources;
			sourceTree = "<group>";
		};
		60B9987E224E65C400D39CDC /* Fonts */ = {
			isa = PBXGroup;
			children = (
				6049A352224E7F37000DE332 /* SF Pro Display */,
				60B998A6224E7BCF00D39CDC /* SF Compact Rounded */,
			);
			path = Fonts;
			sourceTree = "<group>";
		};
		60B998A6224E7BCF00D39CDC /* SF Compact Rounded */ = {
			isa = PBXGroup;
			children = (
				60B998D0224E7C4300D39CDC /* SF-Compact-Rounded-Black.otf */,
				60B998CC224E7C4300D39CDC /* SF-Compact-Rounded-Bold.otf */,
				60B998CE224E7C4300D39CDC /* SF-Compact-Rounded-Heavy.otf */,
				60B998D1224E7C4300D39CDC /* SF-Compact-Rounded-Light.otf */,
				60B998CF224E7C4300D39CDC /* SF-Compact-Rounded-Medium.otf */,
				60B998C9224E7C4200D39CDC /* SF-Compact-Rounded-Regular.otf */,
				60B998CA224E7C4300D39CDC /* SF-Compact-Rounded-Semibold.otf */,
				60B998CD224E7C4300D39CDC /* SF-Compact-Rounded-Thin.otf */,
				60B998CB224E7C4300D39CDC /* SF-Compact-Rounded-Ultralight.otf */,
			);
			path = "SF Compact Rounded";
			sourceTree = "<group>";
		};
/* End PBXGroup section */

/* Begin PBXNativeTarget section */
		6047B2282231DAEB00B22BF8 /* Moneta */ = {
			isa = PBXNativeTarget;
			buildConfigurationList = 6047B2462231DAEC00B22BF8 /* Build configuration list for PBXNativeTarget "Moneta" */;
			buildPhases = (
				6047B2252231DAEB00B22BF8 /* Sources */,
				6047B2262231DAEB00B22BF8 /* Frameworks */,
				6047B2272231DAEB00B22BF8 /* Resources */,
				6047B2552234739300B22BF8 /* ShellScript */,
			);
			buildRules = (
			);
			dependencies = (
			);
			name = Moneta;
			productName = Moneta;
			productReference = 6047B2292231DAEB00B22BF8 /* Moneta.app */;
			productType = "com.apple.product-type.application";
		};
		6047B23C2231DAEC00B22BF8 /* MonetaTests */ = {
			isa = PBXNativeTarget;
			buildConfigurationList = 6047B2492231DAEC00B22BF8 /* Build configuration list for PBXNativeTarget "MonetaTests" */;
			buildPhases = (
				6047B2392231DAEC00B22BF8 /* Sources */,
				6047B23A2231DAEC00B22BF8 /* Frameworks */,
				6047B23B2231DAEC00B22BF8 /* Resources */,
			);
			buildRules = (
			);
			dependencies = (
				6047B23F2231DAEC00B22BF8 /* PBXTargetDependency */,
			);
			name = MonetaTests;
			productName = MonetaTests;
			productReference = 6047B23D2231DAEC00B22BF8 /* MonetaTests.xctest */;
			productType = "com.apple.product-type.bundle.unit-test";
		};
/* End PBXNativeTarget section */

/* Begin PBXProject section */
		6047B2212231DAEB00B22BF8 /* Project object */ = {
			isa = PBXProject;
			attributes = {
				LastSwiftUpdateCheck = 1010;
				LastUpgradeCheck = 1010;
				ORGANIZATIONNAME = "Erick Lozano Borges";
				TargetAttributes = {
					6047B2282231DAEB00B22BF8 = {
						CreatedOnToolsVersion = 10.1;
					};
					6047B23C2231DAEC00B22BF8 = {
						CreatedOnToolsVersion = 10.1;
						TestTargetID = 6047B2282231DAEB00B22BF8;
					};
				};
			};
			buildConfigurationList = 6047B2242231DAEB00B22BF8 /* Build configuration list for PBXProject "Moneta" */;
			compatibilityVersion = "Xcode 9.3";
			developmentRegion = en;
			hasScannedForEncodings = 0;
			knownRegions = (
				en,
				Base,
			);
			mainGroup = 6047B2202231DAEB00B22BF8;
			productRefGroup = 6047B22A2231DAEB00B22BF8 /* Products */;
			projectDirPath = "";
			projectRoot = "";
			targets = (
				6047B2282231DAEB00B22BF8 /* Moneta */,
				6047B23C2231DAEC00B22BF8 /* MonetaTests */,
			);
		};
/* End PBXProject section */

/* Begin PBXResourcesBuildPhase section */
		6047B2272231DAEB00B22BF8 /* Resources */ = {
			isa = PBXResourcesBuildPhase;
			buildActionMask = 2147483647;
			files = (
				6049A379224E7F88000DE332 /* SF-Pro-Display-Light.otf in Resources */,
				6049A37C224E7F88000DE332 /* SF-Pro-Display-Heavy.otf in Resources */,
				60B998DB224E7C5500D39CDC /* SF-Compact-Rounded-Black.otf in Resources */,
				6049A37B224E7F88000DE332 /* SF-Pro-Display-BoldItalic.otf in Resources */,
				6049A380224E7F88000DE332 /* SF-Pro-Display-MediumItalic.otf in Resources */,
				60B998DC224E7C5500D39CDC /* SF-Compact-Rounded-Bold.otf in Resources */,
				6049A385224E7F88000DE332 /* SF-Pro-Display-Thin.otf in Resources */,
				6049A381224E7F88000DE332 /* SF-Pro-Display-Medium.otf in Resources */,
				60B998DD224E7C5500D39CDC /* SF-Compact-Rounded-Heavy.otf in Resources */,
				6049A37A224E7F88000DE332 /* SF-Pro-Display-HeavyItalic.otf in Resources */,
				6049A384224E7F88000DE332 /* SF-Pro-Display-SemiboldItalic.otf in Resources */,
				60B998DE224E7C5500D39CDC /* SF-Compact-Rounded-Light.otf in Resources */,
				6049A382224E7F88000DE332 /* SF-Pro-Display-Bold.otf in Resources */,
				6049A37F224E7F88000DE332 /* SF-Pro-Display-ThinItalic.otf in Resources */,
				6049A388224E7F88000DE332 /* SF-Pro-Display-Ultralight.otf in Resources */,
				60B998DF224E7C5500D39CDC /* SF-Compact-Rounded-Medium.otf in Resources */,
				6049A378224E7F88000DE332 /* SF-Pro-Display-LightItalic.otf in Resources */,
				6049A386224E7F88000DE332 /* SF-Pro-Display-Regular.otf in Resources */,
				60B998E0224E7C5500D39CDC /* SF-Compact-Rounded-Regular.otf in Resources */,
				6049A383224E7F88000DE332 /* SF-Pro-Display-UltralightItalic.otf in Resources */,
				6049A37D224E7F88000DE332 /* SF-Pro-Display-Black.otf in Resources */,
				60B998E1224E7C5500D39CDC /* SF-Compact-Rounded-Semibold.otf in Resources */,
				60B998E2224E7C5500D39CDC /* SF-Compact-Rounded-Thin.otf in Resources */,
				6049A377224E7F88000DE332 /* SF-Pro-Display-RegularItalic.otf in Resources */,
				6049A37E224E7F88000DE332 /* SF-Pro-Display-BlackItalic.otf in Resources */,
				6049A387224E7F88000DE332 /* SF-Pro-Display-Semibold.otf in Resources */,
				60B998E3224E7C5500D39CDC /* SF-Compact-Rounded-Ultralight.otf in Resources */,
				6047B2372231DAEC00B22BF8 /* LaunchScreen.storyboard in Resources */,
				6047B2342231DAEC00B22BF8 /* Assets.xcassets in Resources */,
			);
			runOnlyForDeploymentPostprocessing = 0;
		};
		6047B23B2231DAEC00B22BF8 /* Resources */ = {
			isa = PBXResourcesBuildPhase;
			buildActionMask = 2147483647;
			files = (
			);
			runOnlyForDeploymentPostprocessing = 0;
		};
/* End PBXResourcesBuildPhase section */

/* Begin PBXShellScriptBuildPhase section */
		6047B2552234739300B22BF8 /* ShellScript */ = {
			isa = PBXShellScriptBuildPhase;
			buildActionMask = 2147483647;
			files = (
			);
			inputFileListPaths = (
			);
			inputPaths = (
				"$(PROJECT_DIR)/Carthage/Build/iOS/SnapKit.framework",
				"$(PROJECT_DIR)/Carthage/Build/iOS/Reusable.framework",
				"$(PROJECT_DIR)/Carthage/Build/iOS/Realm.framework",
				"$(PROJECT_DIR)/Carthage/Build/iOS/RealmSwift.framework",
			);
			outputFileListPaths = (
			);
			outputPaths = (
			);
			runOnlyForDeploymentPostprocessing = 0;
			shellPath = /bin/zsh;
			shellScript = "/usr/local/bin/carthage copy-frameworks\n";
		};
/* End PBXShellScriptBuildPhase section */

/* Begin PBXSourcesBuildPhase section */
		6047B2252231DAEB00B22BF8 /* Sources */ = {
			isa = PBXSourcesBuildPhase;
			buildActionMask = 2147483647;
			files = (
				6046E6102254D96100363367 /* TransactionTableViewDatasource.swift in Sources */,
				60B99874224D962200D39CDC /* Date+Utilities.swift in Sources */,
				6046E6132254DDD800363367 /* AddTransactionTableViewCell.swift in Sources */,
				60899DD2224A60FC0079A4F1 /* Wallet.swift in Sources */,
				60AC15772240180500A32912 /* Object+Build.swift in Sources */,
				60AC157E22411F9300A32912 /* ConvertableToDatabase.swift in Sources */,
				60A5EDF8223B3763006FC00F /* TransactionRealm.swift in Sources */,
				6046E60E2254D8A100363367 /* TransactionTableViewCell.swift in Sources */,
				60899DD0224A5DA90079A4F1 /* ViewCode.swift in Sources */,
				600C06C0225293D20095A5C0 /* TransactionsTableView.swift in Sources */,
				60899DCE224A5D5E0079A4F1 /* SummaryViewController.swift in Sources */,
				60899DCB224A5C5C0079A4F1 /* EntityRepository.swift in Sources */,
				60A5EDF6223B36AA006FC00F /* Transaction.swift in Sources */,
				60899DD6224A75880079A4F1 /* WalletRealm.swift in Sources */,
				600C06C2225293EB0095A5C0 /* TransactionTableViewDelegate.swift in Sources */,
				60AC157A22401E0800A32912 /* LocalRepository.swift in Sources */,
				60B9987C224E4B7300D39CDC /* TextStyle.swift in Sources */,
				6046E6172256B16F00363367 /* AddTransactionViewController.swift in Sources */,
				600C06BE2252910E0095A5C0 /* CustomNavigationController.swift in Sources */,
				60C59DE6225F7814002738FE /* Double+Strings.swift in Sources */,
				6047B22D2231DAEB00B22BF8 /* AppDelegate.swift in Sources */,
				6074CA342241579C00577FC9 /* Results+asArray.swift in Sources */,
				60899DC9224A590D0079A4F1 /* TransactionRepository.swift in Sources */,
				60C59DE8225FC589002738FE /* String+Utilities.swift in Sources */,
				6074CA36224157D200577FC9 /* RealmRepository.swift in Sources */,
				60B99879224D975000D39CDC /* MainCard.swift in Sources */,
				60B9988A224E674F00D39CDC /* Color.swift in Sources */,
				6046E6152254F11800363367 /* WalletRepository.swift in Sources */,
			);
			runOnlyForDeploymentPostprocessing = 0;
		};
		6047B2392231DAEC00B22BF8 /* Sources */ = {
			isa = PBXSourcesBuildPhase;
			buildActionMask = 2147483647;
			files = (
				6047B2422231DAEC00B22BF8 /* MonetaTests.swift in Sources */,
			);
			runOnlyForDeploymentPostprocessing = 0;
		};
/* End PBXSourcesBuildPhase section */

/* Begin PBXTargetDependency section */
		6047B23F2231DAEC00B22BF8 /* PBXTargetDependency */ = {
			isa = PBXTargetDependency;
			target = 6047B2282231DAEB00B22BF8 /* Moneta */;
			targetProxy = 6047B23E2231DAEC00B22BF8 /* PBXContainerItemProxy */;
		};
/* End PBXTargetDependency section */

/* Begin PBXVariantGroup section */
		6047B2352231DAEC00B22BF8 /* LaunchScreen.storyboard */ = {
			isa = PBXVariantGroup;
			children = (
				6047B2362231DAEC00B22BF8 /* Base */,
			);
			name = LaunchScreen.storyboard;
			sourceTree = "<group>";
		};
/* End PBXVariantGroup section */

/* Begin XCBuildConfiguration section */
		6047B2442231DAEC00B22BF8 /* Debug */ = {
			isa = XCBuildConfiguration;
			buildSettings = {
				ALWAYS_SEARCH_USER_PATHS = NO;
				CLANG_ANALYZER_NONNULL = YES;
				CLANG_ANALYZER_NUMBER_OBJECT_CONVERSION = YES_AGGRESSIVE;
				CLANG_CXX_LANGUAGE_STANDARD = "gnu++14";
				CLANG_CXX_LIBRARY = "libc++";
				CLANG_ENABLE_MODULES = YES;
				CLANG_ENABLE_OBJC_ARC = YES;
				CLANG_ENABLE_OBJC_WEAK = YES;
				CLANG_WARN_BLOCK_CAPTURE_AUTORELEASING = YES;
				CLANG_WARN_BOOL_CONVERSION = YES;
				CLANG_WARN_COMMA = YES;
				CLANG_WARN_CONSTANT_CONVERSION = YES;
				CLANG_WARN_DEPRECATED_OBJC_IMPLEMENTATIONS = YES;
				CLANG_WARN_DIRECT_OBJC_ISA_USAGE = YES_ERROR;
				CLANG_WARN_DOCUMENTATION_COMMENTS = YES;
				CLANG_WARN_EMPTY_BODY = YES;
				CLANG_WARN_ENUM_CONVERSION = YES;
				CLANG_WARN_INFINITE_RECURSION = YES;
				CLANG_WARN_INT_CONVERSION = YES;
				CLANG_WARN_NON_LITERAL_NULL_CONVERSION = YES;
				CLANG_WARN_OBJC_IMPLICIT_RETAIN_SELF = YES;
				CLANG_WARN_OBJC_LITERAL_CONVERSION = YES;
				CLANG_WARN_OBJC_ROOT_CLASS = YES_ERROR;
				CLANG_WARN_RANGE_LOOP_ANALYSIS = YES;
				CLANG_WARN_STRICT_PROTOTYPES = YES;
				CLANG_WARN_SUSPICIOUS_MOVE = YES;
				CLANG_WARN_UNGUARDED_AVAILABILITY = YES_AGGRESSIVE;
				CLANG_WARN_UNREACHABLE_CODE = YES;
				CLANG_WARN__DUPLICATE_METHOD_MATCH = YES;
				CODE_SIGN_IDENTITY = "iPhone Developer";
				COPY_PHASE_STRIP = NO;
				DEBUG_INFORMATION_FORMAT = dwarf;
				ENABLE_STRICT_OBJC_MSGSEND = YES;
				ENABLE_TESTABILITY = YES;
				GCC_C_LANGUAGE_STANDARD = gnu11;
				GCC_DYNAMIC_NO_PIC = NO;
				GCC_NO_COMMON_BLOCKS = YES;
				GCC_OPTIMIZATION_LEVEL = 0;
				GCC_PREPROCESSOR_DEFINITIONS = (
					"DEBUG=1",
					"$(inherited)",
				);
				GCC_WARN_64_TO_32_BIT_CONVERSION = YES;
				GCC_WARN_ABOUT_RETURN_TYPE = YES_ERROR;
				GCC_WARN_UNDECLARED_SELECTOR = YES;
				GCC_WARN_UNINITIALIZED_AUTOS = YES_AGGRESSIVE;
				GCC_WARN_UNUSED_FUNCTION = YES;
				GCC_WARN_UNUSED_VARIABLE = YES;
				IPHONEOS_DEPLOYMENT_TARGET = 12.1;
				MTL_ENABLE_DEBUG_INFO = INCLUDE_SOURCE;
				MTL_FAST_MATH = YES;
				ONLY_ACTIVE_ARCH = YES;
				SDKROOT = iphoneos;
				SWIFT_ACTIVE_COMPILATION_CONDITIONS = DEBUG;
				SWIFT_OPTIMIZATION_LEVEL = "-Onone";
			};
			name = Debug;
		};
		6047B2452231DAEC00B22BF8 /* Release */ = {
			isa = XCBuildConfiguration;
			buildSettings = {
				ALWAYS_SEARCH_USER_PATHS = NO;
				CLANG_ANALYZER_NONNULL = YES;
				CLANG_ANALYZER_NUMBER_OBJECT_CONVERSION = YES_AGGRESSIVE;
				CLANG_CXX_LANGUAGE_STANDARD = "gnu++14";
				CLANG_CXX_LIBRARY = "libc++";
				CLANG_ENABLE_MODULES = YES;
				CLANG_ENABLE_OBJC_ARC = YES;
				CLANG_ENABLE_OBJC_WEAK = YES;
				CLANG_WARN_BLOCK_CAPTURE_AUTORELEASING = YES;
				CLANG_WARN_BOOL_CONVERSION = YES;
				CLANG_WARN_COMMA = YES;
				CLANG_WARN_CONSTANT_CONVERSION = YES;
				CLANG_WARN_DEPRECATED_OBJC_IMPLEMENTATIONS = YES;
				CLANG_WARN_DIRECT_OBJC_ISA_USAGE = YES_ERROR;
				CLANG_WARN_DOCUMENTATION_COMMENTS = YES;
				CLANG_WARN_EMPTY_BODY = YES;
				CLANG_WARN_ENUM_CONVERSION = YES;
				CLANG_WARN_INFINITE_RECURSION = YES;
				CLANG_WARN_INT_CONVERSION = YES;
				CLANG_WARN_NON_LITERAL_NULL_CONVERSION = YES;
				CLANG_WARN_OBJC_IMPLICIT_RETAIN_SELF = YES;
				CLANG_WARN_OBJC_LITERAL_CONVERSION = YES;
				CLANG_WARN_OBJC_ROOT_CLASS = YES_ERROR;
				CLANG_WARN_RANGE_LOOP_ANALYSIS = YES;
				CLANG_WARN_STRICT_PROTOTYPES = YES;
				CLANG_WARN_SUSPICIOUS_MOVE = YES;
				CLANG_WARN_UNGUARDED_AVAILABILITY = YES_AGGRESSIVE;
				CLANG_WARN_UNREACHABLE_CODE = YES;
				CLANG_WARN__DUPLICATE_METHOD_MATCH = YES;
				CODE_SIGN_IDENTITY = "iPhone Developer";
				COPY_PHASE_STRIP = NO;
				DEBUG_INFORMATION_FORMAT = "dwarf-with-dsym";
				ENABLE_NS_ASSERTIONS = NO;
				ENABLE_STRICT_OBJC_MSGSEND = YES;
				GCC_C_LANGUAGE_STANDARD = gnu11;
				GCC_NO_COMMON_BLOCKS = YES;
				GCC_WARN_64_TO_32_BIT_CONVERSION = YES;
				GCC_WARN_ABOUT_RETURN_TYPE = YES_ERROR;
				GCC_WARN_UNDECLARED_SELECTOR = YES;
				GCC_WARN_UNINITIALIZED_AUTOS = YES_AGGRESSIVE;
				GCC_WARN_UNUSED_FUNCTION = YES;
				GCC_WARN_UNUSED_VARIABLE = YES;
				IPHONEOS_DEPLOYMENT_TARGET = 12.1;
				MTL_ENABLE_DEBUG_INFO = NO;
				MTL_FAST_MATH = YES;
				SDKROOT = iphoneos;
				SWIFT_COMPILATION_MODE = wholemodule;
				SWIFT_OPTIMIZATION_LEVEL = "-O";
				VALIDATE_PRODUCT = YES;
			};
			name = Release;
		};
		6047B2472231DAEC00B22BF8 /* Debug */ = {
			isa = XCBuildConfiguration;
			buildSettings = {
				ASSETCATALOG_COMPILER_APPICON_NAME = AppIcon;
				CODE_SIGN_STYLE = Automatic;
				DEVELOPMENT_TEAM = HJ3JBWEJT5;
				FRAMEWORK_SEARCH_PATHS = (
					"$(inherited)",
					"$(PROJECT_DIR)/Carthage/Build/iOS",
				);
				INFOPLIST_FILE = Moneta/Info.plist;
				LD_RUNPATH_SEARCH_PATHS = (
					"$(inherited)",
					"@executable_path/Frameworks",
				);
				PRODUCT_BUNDLE_IDENTIFIER = borges.erick.com.br.Moneta;
				PRODUCT_NAME = "$(TARGET_NAME)";
				SWIFT_VERSION = 4.2;
				TARGETED_DEVICE_FAMILY = "1,2";
			};
			name = Debug;
		};
		6047B2482231DAEC00B22BF8 /* Release */ = {
			isa = XCBuildConfiguration;
			buildSettings = {
				ASSETCATALOG_COMPILER_APPICON_NAME = AppIcon;
				CODE_SIGN_STYLE = Automatic;
				DEVELOPMENT_TEAM = HJ3JBWEJT5;
				FRAMEWORK_SEARCH_PATHS = (
					"$(inherited)",
					"$(PROJECT_DIR)/Carthage/Build/iOS",
				);
				INFOPLIST_FILE = Moneta/Info.plist;
				LD_RUNPATH_SEARCH_PATHS = (
					"$(inherited)",
					"@executable_path/Frameworks",
				);
				PRODUCT_BUNDLE_IDENTIFIER = borges.erick.com.br.Moneta;
				PRODUCT_NAME = "$(TARGET_NAME)";
				SWIFT_VERSION = 4.2;
				TARGETED_DEVICE_FAMILY = "1,2";
			};
			name = Release;
		};
		6047B24A2231DAEC00B22BF8 /* Debug */ = {
			isa = XCBuildConfiguration;
			buildSettings = {
				ALWAYS_EMBED_SWIFT_STANDARD_LIBRARIES = YES;
				BUNDLE_LOADER = "$(TEST_HOST)";
				CODE_SIGN_STYLE = Automatic;
				DEVELOPMENT_TEAM = HJ3JBWEJT5;
				INFOPLIST_FILE = MonetaTests/Info.plist;
				LD_RUNPATH_SEARCH_PATHS = (
					"$(inherited)",
					"@executable_path/Frameworks",
					"@loader_path/Frameworks",
				);
				PRODUCT_BUNDLE_IDENTIFIER = borges.erick.com.br.MonetaTests;
				PRODUCT_NAME = "$(TARGET_NAME)";
				SWIFT_VERSION = 4.2;
				TARGETED_DEVICE_FAMILY = "1,2";
				TEST_HOST = "$(BUILT_PRODUCTS_DIR)/Moneta.app/Moneta";
			};
			name = Debug;
		};
		6047B24B2231DAEC00B22BF8 /* Release */ = {
			isa = XCBuildConfiguration;
			buildSettings = {
				ALWAYS_EMBED_SWIFT_STANDARD_LIBRARIES = YES;
				BUNDLE_LOADER = "$(TEST_HOST)";
				CODE_SIGN_STYLE = Automatic;
				DEVELOPMENT_TEAM = HJ3JBWEJT5;
				INFOPLIST_FILE = MonetaTests/Info.plist;
				LD_RUNPATH_SEARCH_PATHS = (
					"$(inherited)",
					"@executable_path/Frameworks",
					"@loader_path/Frameworks",
				);
				PRODUCT_BUNDLE_IDENTIFIER = borges.erick.com.br.MonetaTests;
				PRODUCT_NAME = "$(TARGET_NAME)";
				SWIFT_VERSION = 4.2;
				TARGETED_DEVICE_FAMILY = "1,2";
				TEST_HOST = "$(BUILT_PRODUCTS_DIR)/Moneta.app/Moneta";
			};
			name = Release;
		};
/* End XCBuildConfiguration section */

/* Begin XCConfigurationList section */
		6047B2242231DAEB00B22BF8 /* Build configuration list for PBXProject "Moneta" */ = {
			isa = XCConfigurationList;
			buildConfigurations = (
				6047B2442231DAEC00B22BF8 /* Debug */,
				6047B2452231DAEC00B22BF8 /* Release */,
			);
			defaultConfigurationIsVisible = 0;
			defaultConfigurationName = Release;
		};
		6047B2462231DAEC00B22BF8 /* Build configuration list for PBXNativeTarget "Moneta" */ = {
			isa = XCConfigurationList;
			buildConfigurations = (
				6047B2472231DAEC00B22BF8 /* Debug */,
				6047B2482231DAEC00B22BF8 /* Release */,
			);
			defaultConfigurationIsVisible = 0;
			defaultConfigurationName = Release;
		};
		6047B2492231DAEC00B22BF8 /* Build configuration list for PBXNativeTarget "MonetaTests" */ = {
			isa = XCConfigurationList;
			buildConfigurations = (
				6047B24A2231DAEC00B22BF8 /* Debug */,
				6047B24B2231DAEC00B22BF8 /* Release */,
			);
			defaultConfigurationIsVisible = 0;
			defaultConfigurationName = Release;
		};
/* End XCConfigurationList section */
	};
	rootObject = 6047B2212231DAEB00B22BF8 /* Project object */;
}
