// !$*UTF8*$!
{
	archiveVersion = 1;
	classes = {
	};
	objectVersion = 50;
	objects = {

/* Begin PBXBuildFile section */
		6047B22D2231DAEB00B22BF8 /* AppDelegate.swift in Sources */ = {isa = PBXBuildFile; fileRef = 6047B22C2231DAEB00B22BF8 /* AppDelegate.swift */; };
		6047B2342231DAEC00B22BF8 /* Assets.xcassets in Resources */ = {isa = PBXBuildFile; fileRef = 6047B2332231DAEC00B22BF8 /* Assets.xcassets */; };
		6047B2372231DAEC00B22BF8 /* LaunchScreen.storyboard in Resources */ = {isa = PBXBuildFile; fileRef = 6047B2352231DAEC00B22BF8 /* LaunchScreen.storyboard */; };
		6047B2422231DAEC00B22BF8 /* MonetaTests.swift in Sources */ = {isa = PBXBuildFile; fileRef = 6047B2412231DAEC00B22BF8 /* MonetaTests.swift */; };
		6047B2512234737300B22BF8 /* SnapKit.framework in Frameworks */ = {isa = PBXBuildFile; fileRef = 6047B24D2234737300B22BF8 /* SnapKit.framework */; };
		6047B2522234737300B22BF8 /* Reusable.framework in Frameworks */ = {isa = PBXBuildFile; fileRef = 6047B24E2234737300B22BF8 /* Reusable.framework */; };
		6047B2532234737300B22BF8 /* Realm.framework in Frameworks */ = {isa = PBXBuildFile; fileRef = 6047B24F2234737300B22BF8 /* Realm.framework */; };
		6047B2542234737300B22BF8 /* RealmSwift.framework in Frameworks */ = {isa = PBXBuildFile; fileRef = 6047B2502234737300B22BF8 /* RealmSwift.framework */; };
		6074CA342241579C00577FC9 /* Results+asArray.swift in Sources */ = {isa = PBXBuildFile; fileRef = 6074CA332241579C00577FC9 /* Results+asArray.swift */; };
		6074CA36224157D200577FC9 /* RealmRepository.swift in Sources */ = {isa = PBXBuildFile; fileRef = 6074CA35224157D200577FC9 /* RealmRepository.swift */; };
		60A5EDF6223B36AA006FC00F /* Expense.swift in Sources */ = {isa = PBXBuildFile; fileRef = 60A5EDF5223B36AA006FC00F /* Expense.swift */; };
		60A5EDF8223B3763006FC00F /* ExpenseRealm.swift in Sources */ = {isa = PBXBuildFile; fileRef = 60A5EDF7223B3763006FC00F /* ExpenseRealm.swift */; };
		60AC15772240180500A32912 /* Object+Build.swift in Sources */ = {isa = PBXBuildFile; fileRef = 60AC15762240180500A32912 /* Object+Build.swift */; };
		60AC157A22401E0800A32912 /* LocalRepository.swift in Sources */ = {isa = PBXBuildFile; fileRef = 60AC157922401E0800A32912 /* LocalRepository.swift */; };
		60AC157E22411F9300A32912 /* ConvertableToDatabase.swift in Sources */ = {isa = PBXBuildFile; fileRef = 60AC157D22411F9300A32912 /* ConvertableToDatabase.swift */; };
		60AC15892241527D00A32912 /* dbTest.storyboard in Resources */ = {isa = PBXBuildFile; fileRef = 60AC15872241527D00A32912 /* dbTest.storyboard */; };
		60AC158A2241527D00A32912 /* dbTestViewController.swift in Sources */ = {isa = PBXBuildFile; fileRef = 60AC15882241527D00A32912 /* dbTestViewController.swift */; };
/* End PBXBuildFile section */

/* Begin PBXContainerItemProxy section */
		6047B23E2231DAEC00B22BF8 /* PBXContainerItemProxy */ = {
			isa = PBXContainerItemProxy;
			containerPortal = 6047B2212231DAEB00B22BF8 /* Project object */;
			proxyType = 1;
			remoteGlobalIDString = 6047B2282231DAEB00B22BF8;
			remoteInfo = Moneta;
		};
/* End PBXContainerItemProxy section */

/* Begin PBXFileReference section */
		6047B2292231DAEB00B22BF8 /* Moneta.app */ = {isa = PBXFileReference; explicitFileType = wrapper.application; includeInIndex = 0; path = Moneta.app; sourceTree = BUILT_PRODUCTS_DIR; };
		6047B22C2231DAEB00B22BF8 /* AppDelegate.swift */ = {isa = PBXFileReference; lastKnownFileType = sourcecode.swift; path = AppDelegate.swift; sourceTree = "<group>"; };
		6047B2332231DAEC00B22BF8 /* Assets.xcassets */ = {isa = PBXFileReference; lastKnownFileType = folder.assetcatalog; path = Assets.xcassets; sourceTree = "<group>"; };
		6047B2362231DAEC00B22BF8 /* Base */ = {isa = PBXFileReference; lastKnownFileType = file.storyboard; name = Base; path = Base.lproj/LaunchScreen.storyboard; sourceTree = "<group>"; };
		6047B2382231DAEC00B22BF8 /* Info.plist */ = {isa = PBXFileReference; lastKnownFileType = text.plist.xml; path = Info.plist; sourceTree = "<group>"; };
		6047B23D2231DAEC00B22BF8 /* MonetaTests.xctest */ = {isa = PBXFileReference; explicitFileType = wrapper.cfbundle; includeInIndex = 0; path = MonetaTests.xctest; sourceTree = BUILT_PRODUCTS_DIR; };
		6047B2412231DAEC00B22BF8 /* MonetaTests.swift */ = {isa = PBXFileReference; lastKnownFileType = sourcecode.swift; path = MonetaTests.swift; sourceTree = "<group>"; };
		6047B2432231DAEC00B22BF8 /* Info.plist */ = {isa = PBXFileReference; lastKnownFileType = text.plist.xml; path = Info.plist; sourceTree = "<group>"; };
		6047B24D2234737300B22BF8 /* SnapKit.framework */ = {isa = PBXFileReference; lastKnownFileType = wrapper.framework; name = SnapKit.framework; path = Carthage/Build/iOS/SnapKit.framework; sourceTree = "<group>"; };
		6047B24E2234737300B22BF8 /* Reusable.framework */ = {isa = PBXFileReference; lastKnownFileType = wrapper.framework; name = Reusable.framework; path = Carthage/Build/iOS/Reusable.framework; sourceTree = "<group>"; };
		6047B24F2234737300B22BF8 /* Realm.framework */ = {isa = PBXFileReference; lastKnownFileType = wrapper.framework; name = Realm.framework; path = Carthage/Build/iOS/Realm.framework; sourceTree = "<group>"; };
		6047B2502234737300B22BF8 /* RealmSwift.framework */ = {isa = PBXFileReference; lastKnownFileType = wrapper.framework; name = RealmSwift.framework; path = Carthage/Build/iOS/RealmSwift.framework; sourceTree = "<group>"; };
		6074CA332241579C00577FC9 /* Results+asArray.swift */ = {isa = PBXFileReference; lastKnownFileType = sourcecode.swift; path = "Results+asArray.swift"; sourceTree = "<group>"; };
		6074CA35224157D200577FC9 /* RealmRepository.swift */ = {isa = PBXFileReference; lastKnownFileType = sourcecode.swift; path = RealmRepository.swift; sourceTree = "<group>"; };
		60A5EDF5223B36AA006FC00F /* Expense.swift */ = {isa = PBXFileReference; lastKnownFileType = sourcecode.swift; path = Expense.swift; sourceTree = "<group>"; };
		60A5EDF7223B3763006FC00F /* ExpenseRealm.swift */ = {isa = PBXFileReference; lastKnownFileType = sourcecode.swift; path = ExpenseRealm.swift; sourceTree = "<group>"; };
		60AC15762240180500A32912 /* Object+Build.swift */ = {isa = PBXFileReference; lastKnownFileType = sourcecode.swift; path = "Object+Build.swift"; sourceTree = "<group>"; };
		60AC157922401E0800A32912 /* LocalRepository.swift */ = {isa = PBXFileReference; lastKnownFileType = sourcecode.swift; path = LocalRepository.swift; sourceTree = "<group>"; };
		60AC157D22411F9300A32912 /* ConvertableToDatabase.swift */ = {isa = PBXFileReference; lastKnownFileType = sourcecode.swift; path = ConvertableToDatabase.swift; sourceTree = "<group>"; };
		60AC15872241527D00A32912 /* dbTest.storyboard */ = {isa = PBXFileReference; fileEncoding = 4; lastKnownFileType = file.storyboard; name = dbTest.storyboard; path = ../../../Desktop/dbTest.storyboard; sourceTree = "<group>"; };
		60AC15882241527D00A32912 /* dbTestViewController.swift */ = {isa = PBXFileReference; fileEncoding = 4; lastKnownFileType = sourcecode.swift; name = dbTestViewController.swift; path = ../../../Desktop/dbTestViewController.swift; sourceTree = "<group>"; };
/* End PBXFileReference section */

/* Begin PBXFrameworksBuildPhase section */
		6047B2262231DAEB00B22BF8 /* Frameworks */ = {
			isa = PBXFrameworksBuildPhase;
			buildActionMask = 2147483647;
			files = (
				6047B2512234737300B22BF8 /* SnapKit.framework in Frameworks */,
				6047B2522234737300B22BF8 /* Reusable.framework in Frameworks */,
				6047B2532234737300B22BF8 /* Realm.framework in Frameworks */,
				6047B2542234737300B22BF8 /* RealmSwift.framework in Frameworks */,
			);
			runOnlyForDeploymentPostprocessing = 0;
		};
		6047B23A2231DAEC00B22BF8 /* Frameworks */ = {
			isa = PBXFrameworksBuildPhase;
			buildActionMask = 2147483647;
			files = (
			);
			runOnlyForDeploymentPostprocessing = 0;
		};
/* End PBXFrameworksBuildPhase section */

/* Begin PBXGroup section */
		6047B2202231DAEB00B22BF8 = {
			isa = PBXGroup;
			children = (
				6047B22B2231DAEB00B22BF8 /* Moneta */,
				6047B2402231DAEC00B22BF8 /* MonetaTests */,
				6047B22A2231DAEB00B22BF8 /* Products */,
				6047B24C2234737200B22BF8 /* Frameworks */,
			);
			sourceTree = "<group>";
		};
		6047B22A2231DAEB00B22BF8 /* Products */ = {
			isa = PBXGroup;
			children = (
				6047B2292231DAEB00B22BF8 /* Moneta.app */,
				6047B23D2231DAEC00B22BF8 /* MonetaTests.xctest */,
			);
			name = Products;
			sourceTree = "<group>";
		};
		6047B22B2231DAEB00B22BF8 /* Moneta */ = {
			isa = PBXGroup;
			children = (
				60AC15872241527D00A32912 /* dbTest.storyboard */,
				60AC15882241527D00A32912 /* dbTestViewController.swift */,
				6047B22C2231DAEB00B22BF8 /* AppDelegate.swift */,
				6047B2332231DAEC00B22BF8 /* Assets.xcassets */,
				6047B2352231DAEC00B22BF8 /* LaunchScreen.storyboard */,
				6047B2382231DAEC00B22BF8 /* Info.plist */,
				60AC157822401D6E00A32912 /* Data */,
				60A5EDF2223B3684006FC00F /* Model */,
				60AC1575224017F200A32912 /* Extension */,
			);
			path = Moneta;
			sourceTree = "<group>";
		};
		6047B2402231DAEC00B22BF8 /* MonetaTests */ = {
			isa = PBXGroup;
			children = (
				6047B2412231DAEC00B22BF8 /* MonetaTests.swift */,
				6047B2432231DAEC00B22BF8 /* Info.plist */,
			);
			path = MonetaTests;
			sourceTree = "<group>";
		};
		6047B24C2234737200B22BF8 /* Frameworks */ = {
			isa = PBXGroup;
			children = (
				6047B24F2234737300B22BF8 /* Realm.framework */,
				6047B2502234737300B22BF8 /* RealmSwift.framework */,
				6047B24E2234737300B22BF8 /* Reusable.framework */,
				6047B24D2234737300B22BF8 /* SnapKit.framework */,
			);
			name = Frameworks;
			sourceTree = "<group>";
		};
		60A5EDF2223B3684006FC00F /* Model */ = {
			isa = PBXGroup;
			children = (
				60AC157D22411F9300A32912 /* ConvertableToDatabase.swift */,
				60A5EDF3223B368A006FC00F /* Main */,
				60A5EDF4223B3695006FC00F /* Realm */,
			);
			path = Model;
			sourceTree = "<group>";
		};
		60A5EDF3223B368A006FC00F /* Main */ = {
			isa = PBXGroup;
			children = (
				60A5EDF5223B36AA006FC00F /* Expense.swift */,
			);
			path = Main;
			sourceTree = "<group>";
		};
		60A5EDF4223B3695006FC00F /* Realm */ = {
			isa = PBXGroup;
			children = (
				60A5EDF7223B3763006FC00F /* ExpenseRealm.swift */,
			);
			path = Realm;
			sourceTree = "<group>";
		};
		60AC1575224017F200A32912 /* Extension */ = {
			isa = PBXGroup;
			children = (
				60AC15762240180500A32912 /* Object+Build.swift */,
				6074CA332241579C00577FC9 /* Results+asArray.swift */,
			);
			path = Extension;
			sourceTree = "<group>";
		};
		60AC157822401D6E00A32912 /* Data */ = {
			isa = PBXGroup;
			children = (
				60AC157B22401EB900A32912 /* Protocol */,
				60AC157C22401EC500A32912 /* Implementation */,
			);
			path = Data;
			sourceTree = "<group>";
		};
		60AC157B22401EB900A32912 /* Protocol */ = {
			isa = PBXGroup;
			children = (
				60AC157922401E0800A32912 /* LocalRepository.swift */,
			);
			path = Protocol;
			sourceTree = "<group>";
		};
		60AC157C22401EC500A32912 /* Implementation */ = {
			isa = PBXGroup;
			children = (
				6074CA35224157D200577FC9 /* RealmRepository.swift */,
			);
			path = Implementation;
			sourceTree = "<group>";
		};
/* End PBXGroup section */

/* Begin PBXNativeTarget section */
		6047B2282231DAEB00B22BF8 /* Moneta */ = {
			isa = PBXNativeTarget;
			buildConfigurationList = 6047B2462231DAEC00B22BF8 /* Build configuration list for PBXNativeTarget "Moneta" */;
			buildPhases = (
				6047B2252231DAEB00B22BF8 /* Sources */,
				6047B2262231DAEB00B22BF8 /* Frameworks */,
				6047B2272231DAEB00B22BF8 /* Resources */,
				6047B2552234739300B22BF8 /* ShellScript */,
			);
			buildRules = (
			);
			dependencies = (
			);
			name = Moneta;
			productName = Moneta;
			productReference = 6047B2292231DAEB00B22BF8 /* Moneta.app */;
			productType = "com.apple.product-type.application";
		};
		6047B23C2231DAEC00B22BF8 /* MonetaTests */ = {
			isa = PBXNativeTarget;
			buildConfigurationList = 6047B2492231DAEC00B22BF8 /* Build configuration list for PBXNativeTarget "MonetaTests" */;
			buildPhases = (
				6047B2392231DAEC00B22BF8 /* Sources */,
				6047B23A2231DAEC00B22BF8 /* Frameworks */,
				6047B23B2231DAEC00B22BF8 /* Resources */,
			);
			buildRules = (
			);
			dependencies = (
				6047B23F2231DAEC00B22BF8 /* PBXTargetDependency */,
			);
			name = MonetaTests;
			productName = MonetaTests;
			productReference = 6047B23D2231DAEC00B22BF8 /* MonetaTests.xctest */;
			productType = "com.apple.product-type.bundle.unit-test";
		};
/* End PBXNativeTarget section */

/* Begin PBXProject section */
		6047B2212231DAEB00B22BF8 /* Project object */ = {
			isa = PBXProject;
			attributes = {
				LastSwiftUpdateCheck = 1010;
				LastUpgradeCheck = 1010;
				ORGANIZATIONNAME = "Erick Lozano Borges";
				TargetAttributes = {
					6047B2282231DAEB00B22BF8 = {
						CreatedOnToolsVersion = 10.1;
					};
					6047B23C2231DAEC00B22BF8 = {
						CreatedOnToolsVersion = 10.1;
						TestTargetID = 6047B2282231DAEB00B22BF8;
					};
				};
			};
			buildConfigurationList = 6047B2242231DAEB00B22BF8 /* Build configuration list for PBXProject "Moneta" */;
			compatibilityVersion = "Xcode 9.3";
			developmentRegion = en;
			hasScannedForEncodings = 0;
			knownRegions = (
				en,
				Base,
			);
			mainGroup = 6047B2202231DAEB00B22BF8;
			productRefGroup = 6047B22A2231DAEB00B22BF8 /* Products */;
			projectDirPath = "";
			projectRoot = "";
			targets = (
				6047B2282231DAEB00B22BF8 /* Moneta */,
				6047B23C2231DAEC00B22BF8 /* MonetaTests */,
			);
		};
/* End PBXProject section */

/* Begin PBXResourcesBuildPhase section */
		6047B2272231DAEB00B22BF8 /* Resources */ = {
			isa = PBXResourcesBuildPhase;
			buildActionMask = 2147483647;
			files = (
				6047B2372231DAEC00B22BF8 /* LaunchScreen.storyboard in Resources */,
				60AC15892241527D00A32912 /* dbTest.storyboard in Resources */,
				6047B2342231DAEC00B22BF8 /* Assets.xcassets in Resources */,
			);
			runOnlyForDeploymentPostprocessing = 0;
		};
		6047B23B2231DAEC00B22BF8 /* Resources */ = {
			isa = PBXResourcesBuildPhase;
			buildActionMask = 2147483647;
			files = (
			);
			runOnlyForDeploymentPostprocessing = 0;
		};
/* End PBXResourcesBuildPhase section */

/* Begin PBXShellScriptBuildPhase section */
		6047B2552234739300B22BF8 /* ShellScript */ = {
			isa = PBXShellScriptBuildPhase;
			buildActionMask = 2147483647;
			files = (
			);
			inputFileListPaths = (
			);
			inputPaths = (
				"$(PROJECT_DIR)/Carthage/Build/iOS/SnapKit.framework",
				"$(PROJECT_DIR)/Carthage/Build/iOS/Reusable.framework",
				"$(PROJECT_DIR)/Carthage/Build/iOS/Realm.framework",
				"$(PROJECT_DIR)/Carthage/Build/iOS/RealmSwift.framework",
			);
			outputFileListPaths = (
			);
			outputPaths = (
			);
			runOnlyForDeploymentPostprocessing = 0;
			shellPath = /bin/zsh;
			shellScript = "/usr/local/bin/carthage copy-frameworks\n";
		};
/* End PBXShellScriptBuildPhase section */

/* Begin PBXSourcesBuildPhase section */
		6047B2252231DAEB00B22BF8 /* Sources */ = {
			isa = PBXSourcesBuildPhase;
			buildActionMask = 2147483647;
			files = (
				60AC15772240180500A32912 /* Object+Build.swift in Sources */,
				60AC157E22411F9300A32912 /* ConvertableToDatabase.swift in Sources */,
				60A5EDF8223B3763006FC00F /* ExpenseRealm.swift in Sources */,
				60AC158A2241527D00A32912 /* dbTestViewController.swift in Sources */,
				60A5EDF6223B36AA006FC00F /* Expense.swift in Sources */,
				60AC157A22401E0800A32912 /* LocalRepository.swift in Sources */,
				6047B22D2231DAEB00B22BF8 /* AppDelegate.swift in Sources */,
				6074CA342241579C00577FC9 /* Results+asArray.swift in Sources */,
				6074CA36224157D200577FC9 /* RealmRepository.swift in Sources */,
			);
			runOnlyForDeploymentPostprocessing = 0;
		};
		6047B2392231DAEC00B22BF8 /* Sources */ = {
			isa = PBXSourcesBuildPhase;
			buildActionMask = 2147483647;
			files = (
				6047B2422231DAEC00B22BF8 /* MonetaTests.swift in Sources */,
			);
			runOnlyForDeploymentPostprocessing = 0;
		};
/* End PBXSourcesBuildPhase section */

/* Begin PBXTargetDependency section */
		6047B23F2231DAEC00B22BF8 /* PBXTargetDependency */ = {
			isa = PBXTargetDependency;
			target = 6047B2282231DAEB00B22BF8 /* Moneta */;
			targetProxy = 6047B23E2231DAEC00B22BF8 /* PBXContainerItemProxy */;
		};
/* End PBXTargetDependency section */

/* Begin PBXVariantGroup section */
		6047B2352231DAEC00B22BF8 /* LaunchScreen.storyboard */ = {
			isa = PBXVariantGroup;
			children = (
				6047B2362231DAEC00B22BF8 /* Base */,
			);
			name = LaunchScreen.storyboard;
			sourceTree = "<group>";
		};
/* End PBXVariantGroup section */

/* Begin XCBuildConfiguration section */
		6047B2442231DAEC00B22BF8 /* Debug */ = {
			isa = XCBuildConfiguration;
			buildSettings = {
				ALWAYS_SEARCH_USER_PATHS = NO;
				CLANG_ANALYZER_NONNULL = YES;
				CLANG_ANALYZER_NUMBER_OBJECT_CONVERSION = YES_AGGRESSIVE;
				CLANG_CXX_LANGUAGE_STANDARD = "gnu++14";
				CLANG_CXX_LIBRARY = "libc++";
				CLANG_ENABLE_MODULES = YES;
				CLANG_ENABLE_OBJC_ARC = YES;
				CLANG_ENABLE_OBJC_WEAK = YES;
				CLANG_WARN_BLOCK_CAPTURE_AUTORELEASING = YES;
				CLANG_WARN_BOOL_CONVERSION = YES;
				CLANG_WARN_COMMA = YES;
				CLANG_WARN_CONSTANT_CONVERSION = YES;
				CLANG_WARN_DEPRECATED_OBJC_IMPLEMENTATIONS = YES;
				CLANG_WARN_DIRECT_OBJC_ISA_USAGE = YES_ERROR;
				CLANG_WARN_DOCUMENTATION_COMMENTS = YES;
				CLANG_WARN_EMPTY_BODY = YES;
				CLANG_WARN_ENUM_CONVERSION = YES;
				CLANG_WARN_INFINITE_RECURSION = YES;
				CLANG_WARN_INT_CONVERSION = YES;
				CLANG_WARN_NON_LITERAL_NULL_CONVERSION = YES;
				CLANG_WARN_OBJC_IMPLICIT_RETAIN_SELF = YES;
				CLANG_WARN_OBJC_LITERAL_CONVERSION = YES;
				CLANG_WARN_OBJC_ROOT_CLASS = YES_ERROR;
				CLANG_WARN_RANGE_LOOP_ANALYSIS = YES;
				CLANG_WARN_STRICT_PROTOTYPES = YES;
				CLANG_WARN_SUSPICIOUS_MOVE = YES;
				CLANG_WARN_UNGUARDED_AVAILABILITY = YES_AGGRESSIVE;
				CLANG_WARN_UNREACHABLE_CODE = YES;
				CLANG_WARN__DUPLICATE_METHOD_MATCH = YES;
				CODE_SIGN_IDENTITY = "iPhone Developer";
				COPY_PHASE_STRIP = NO;
				DEBUG_INFORMATION_FORMAT = dwarf;
				ENABLE_STRICT_OBJC_MSGSEND = YES;
				ENABLE_TESTABILITY = YES;
				GCC_C_LANGUAGE_STANDARD = gnu11;
				GCC_DYNAMIC_NO_PIC = NO;
				GCC_NO_COMMON_BLOCKS = YES;
				GCC_OPTIMIZATION_LEVEL = 0;
				GCC_PREPROCESSOR_DEFINITIONS = (
					"DEBUG=1",
					"$(inherited)",
				);
				GCC_WARN_64_TO_32_BIT_CONVERSION = YES;
				GCC_WARN_ABOUT_RETURN_TYPE = YES_ERROR;
				GCC_WARN_UNDECLARED_SELECTOR = YES;
				GCC_WARN_UNINITIALIZED_AUTOS = YES_AGGRESSIVE;
				GCC_WARN_UNUSED_FUNCTION = YES;
				GCC_WARN_UNUSED_VARIABLE = YES;
				IPHONEOS_DEPLOYMENT_TARGET = 12.1;
				MTL_ENABLE_DEBUG_INFO = INCLUDE_SOURCE;
				MTL_FAST_MATH = YES;
				ONLY_ACTIVE_ARCH = YES;
				SDKROOT = iphoneos;
				SWIFT_ACTIVE_COMPILATION_CONDITIONS = DEBUG;
				SWIFT_OPTIMIZATION_LEVEL = "-Onone";
			};
			name = Debug;
		};
		6047B2452231DAEC00B22BF8 /* Release */ = {
			isa = XCBuildConfiguration;
			buildSettings = {
				ALWAYS_SEARCH_USER_PATHS = NO;
				CLANG_ANALYZER_NONNULL = YES;
				CLANG_ANALYZER_NUMBER_OBJECT_CONVERSION = YES_AGGRESSIVE;
				CLANG_CXX_LANGUAGE_STANDARD = "gnu++14";
				CLANG_CXX_LIBRARY = "libc++";
				CLANG_ENABLE_MODULES = YES;
				CLANG_ENABLE_OBJC_ARC = YES;
				CLANG_ENABLE_OBJC_WEAK = YES;
				CLANG_WARN_BLOCK_CAPTURE_AUTORELEASING = YES;
				CLANG_WARN_BOOL_CONVERSION = YES;
				CLANG_WARN_COMMA = YES;
				CLANG_WARN_CONSTANT_CONVERSION = YES;
				CLANG_WARN_DEPRECATED_OBJC_IMPLEMENTATIONS = YES;
				CLANG_WARN_DIRECT_OBJC_ISA_USAGE = YES_ERROR;
				CLANG_WARN_DOCUMENTATION_COMMENTS = YES;
				CLANG_WARN_EMPTY_BODY = YES;
				CLANG_WARN_ENUM_CONVERSION = YES;
				CLANG_WARN_INFINITE_RECURSION = YES;
				CLANG_WARN_INT_CONVERSION = YES;
				CLANG_WARN_NON_LITERAL_NULL_CONVERSION = YES;
				CLANG_WARN_OBJC_IMPLICIT_RETAIN_SELF = YES;
				CLANG_WARN_OBJC_LITERAL_CONVERSION = YES;
				CLANG_WARN_OBJC_ROOT_CLASS = YES_ERROR;
				CLANG_WARN_RANGE_LOOP_ANALYSIS = YES;
				CLANG_WARN_STRICT_PROTOTYPES = YES;
				CLANG_WARN_SUSPICIOUS_MOVE = YES;
				CLANG_WARN_UNGUARDED_AVAILABILITY = YES_AGGRESSIVE;
				CLANG_WARN_UNREACHABLE_CODE = YES;
				CLANG_WARN__DUPLICATE_METHOD_MATCH = YES;
				CODE_SIGN_IDENTITY = "iPhone Developer";
				COPY_PHASE_STRIP = NO;
				DEBUG_INFORMATION_FORMAT = "dwarf-with-dsym";
				ENABLE_NS_ASSERTIONS = NO;
				ENABLE_STRICT_OBJC_MSGSEND = YES;
				GCC_C_LANGUAGE_STANDARD = gnu11;
				GCC_NO_COMMON_BLOCKS = YES;
				GCC_WARN_64_TO_32_BIT_CONVERSION = YES;
				GCC_WARN_ABOUT_RETURN_TYPE = YES_ERROR;
				GCC_WARN_UNDECLARED_SELECTOR = YES;
				GCC_WARN_UNINITIALIZED_AUTOS = YES_AGGRESSIVE;
				GCC_WARN_UNUSED_FUNCTION = YES;
				GCC_WARN_UNUSED_VARIABLE = YES;
				IPHONEOS_DEPLOYMENT_TARGET = 12.1;
				MTL_ENABLE_DEBUG_INFO = NO;
				MTL_FAST_MATH = YES;
				SDKROOT = iphoneos;
				SWIFT_COMPILATION_MODE = wholemodule;
				SWIFT_OPTIMIZATION_LEVEL = "-O";
				VALIDATE_PRODUCT = YES;
			};
			name = Release;
		};
		6047B2472231DAEC00B22BF8 /* Debug */ = {
			isa = XCBuildConfiguration;
			buildSettings = {
				ASSETCATALOG_COMPILER_APPICON_NAME = AppIcon;
				CODE_SIGN_STYLE = Automatic;
				DEVELOPMENT_TEAM = HJ3JBWEJT5;
				FRAMEWORK_SEARCH_PATHS = (
					"$(inherited)",
					"$(PROJECT_DIR)/Carthage/Build/iOS",
				);
				INFOPLIST_FILE = Moneta/Info.plist;
				LD_RUNPATH_SEARCH_PATHS = (
					"$(inherited)",
					"@executable_path/Frameworks",
				);
				PRODUCT_BUNDLE_IDENTIFIER = borges.erick.com.br.Moneta;
				PRODUCT_NAME = "$(TARGET_NAME)";
				SWIFT_VERSION = 4.2;
				TARGETED_DEVICE_FAMILY = "1,2";
			};
			name = Debug;
		};
		6047B2482231DAEC00B22BF8 /* Release */ = {
			isa = XCBuildConfiguration;
			buildSettings = {
				ASSETCATALOG_COMPILER_APPICON_NAME = AppIcon;
				CODE_SIGN_STYLE = Automatic;
				DEVELOPMENT_TEAM = HJ3JBWEJT5;
				FRAMEWORK_SEARCH_PATHS = (
					"$(inherited)",
					"$(PROJECT_DIR)/Carthage/Build/iOS",
				);
				INFOPLIST_FILE = Moneta/Info.plist;
				LD_RUNPATH_SEARCH_PATHS = (
					"$(inherited)",
					"@executable_path/Frameworks",
				);
				PRODUCT_BUNDLE_IDENTIFIER = borges.erick.com.br.Moneta;
				PRODUCT_NAME = "$(TARGET_NAME)";
				SWIFT_VERSION = 4.2;
				TARGETED_DEVICE_FAMILY = "1,2";
			};
			name = Release;
		};
		6047B24A2231DAEC00B22BF8 /* Debug */ = {
			isa = XCBuildConfiguration;
			buildSettings = {
				ALWAYS_EMBED_SWIFT_STANDARD_LIBRARIES = YES;
				BUNDLE_LOADER = "$(TEST_HOST)";
				CODE_SIGN_STYLE = Automatic;
				DEVELOPMENT_TEAM = HJ3JBWEJT5;
				INFOPLIST_FILE = MonetaTests/Info.plist;
				LD_RUNPATH_SEARCH_PATHS = (
					"$(inherited)",
					"@executable_path/Frameworks",
					"@loader_path/Frameworks",
				);
				PRODUCT_BUNDLE_IDENTIFIER = borges.erick.com.br.MonetaTests;
				PRODUCT_NAME = "$(TARGET_NAME)";
				SWIFT_VERSION = 4.2;
				TARGETED_DEVICE_FAMILY = "1,2";
				TEST_HOST = "$(BUILT_PRODUCTS_DIR)/Moneta.app/Moneta";
			};
			name = Debug;
		};
		6047B24B2231DAEC00B22BF8 /* Release */ = {
			isa = XCBuildConfiguration;
			buildSettings = {
				ALWAYS_EMBED_SWIFT_STANDARD_LIBRARIES = YES;
				BUNDLE_LOADER = "$(TEST_HOST)";
				CODE_SIGN_STYLE = Automatic;
				DEVELOPMENT_TEAM = HJ3JBWEJT5;
				INFOPLIST_FILE = MonetaTests/Info.plist;
				LD_RUNPATH_SEARCH_PATHS = (
					"$(inherited)",
					"@executable_path/Frameworks",
					"@loader_path/Frameworks",
				);
				PRODUCT_BUNDLE_IDENTIFIER = borges.erick.com.br.MonetaTests;
				PRODUCT_NAME = "$(TARGET_NAME)";
				SWIFT_VERSION = 4.2;
				TARGETED_DEVICE_FAMILY = "1,2";
				TEST_HOST = "$(BUILT_PRODUCTS_DIR)/Moneta.app/Moneta";
			};
			name = Release;
		};
/* End XCBuildConfiguration section */

/* Begin XCConfigurationList section */
		6047B2242231DAEB00B22BF8 /* Build configuration list for PBXProject "Moneta" */ = {
			isa = XCConfigurationList;
			buildConfigurations = (
				6047B2442231DAEC00B22BF8 /* Debug */,
				6047B2452231DAEC00B22BF8 /* Release */,
			);
			defaultConfigurationIsVisible = 0;
			defaultConfigurationName = Release;
		};
		6047B2462231DAEC00B22BF8 /* Build configuration list for PBXNativeTarget "Moneta" */ = {
			isa = XCConfigurationList;
			buildConfigurations = (
				6047B2472231DAEC00B22BF8 /* Debug */,
				6047B2482231DAEC00B22BF8 /* Release */,
			);
			defaultConfigurationIsVisible = 0;
			defaultConfigurationName = Release;
		};
		6047B2492231DAEC00B22BF8 /* Build configuration list for PBXNativeTarget "MonetaTests" */ = {
			isa = XCConfigurationList;
			buildConfigurations = (
				6047B24A2231DAEC00B22BF8 /* Debug */,
				6047B24B2231DAEC00B22BF8 /* Release */,
			);
			defaultConfigurationIsVisible = 0;
			defaultConfigurationName = Release;
		};
/* End XCConfigurationList section */
	};
	rootObject = 6047B2212231DAEB00B22BF8 /* Project object */;
}
